
Microsoft Visual Studio Solution File, Format Version 12.00
# Visual Studio Version 17
VisualStudioVersion = 17.6.33829.357
MinimumVisualStudioVersion = 10.0.40219.1
Project("{9A19103F-16F7-4668-BE54-9A1E7A4F7556}") = "Wolfe.SpaceTraders.Cli", "src\Wolfe.SpaceTraders.Cli\Wolfe.SpaceTraders.Cli.csproj", "{3F20F787-D164-4EE6-B5E3-BC1626D37C65}"
EndProject
Project("{9A19103F-16F7-4668-BE54-9A1E7A4F7556}") = "Wolfe.SpaceTraders.Infrastructure", "src\Wolfe.SpaceTraders.Client\Wolfe.SpaceTraders.Infrastructure.csproj", "{59ACA534-0720-414A-AB74-2EC36F1B657B}"
EndProject
Project("{FAE04EC0-301F-11D3-BF4B-00C04F79EFBC}") = "Wolfe.SpaceTraders.Service", "src\Wolfe.SpaceTraders.Service\Wolfe.SpaceTraders.Service.csproj", "{C812CF72-52ED-4871-B215-926775682662}"
EndProject
Project("{FAE04EC0-301F-11D3-BF4B-00C04F79EFBC}") = "Wolfe.SpaceTraders.Core", "src\Wolfe.SpaceTraders.Core\Wolfe.SpaceTraders.Core.csproj", "{5E2094E3-1EF7-4AF5-BD9D-83478FE3DC99}"
EndProject
Global
	GlobalSection(SolutionConfigurationPlatforms) = preSolution
		Debug|Any CPU = Debug|Any CPU
		Release|Any CPU = Release|Any CPU
	EndGlobalSection
	GlobalSection(ProjectConfigurationPlatforms) = postSolution
		{3F20F787-D164-4EE6-B5E3-BC1626D37C65}.Debug|Any CPU.ActiveCfg = Debug|Any CPU
		{3F20F787-D164-4EE6-B5E3-BC1626D37C65}.Debug|Any CPU.Build.0 = Debug|Any CPU
		{3F20F787-D164-4EE6-B5E3-BC1626D37C65}.Release|Any CPU.ActiveCfg = Release|Any CPU
		{3F20F787-D164-4EE6-B5E3-BC1626D37C65}.Release|Any CPU.Build.0 = Release|Any CPU
		{59ACA534-0720-414A-AB74-2EC36F1B657B}.Debug|Any CPU.ActiveCfg = Debug|Any CPU
		{59ACA534-0720-414A-AB74-2EC36F1B657B}.Debug|Any CPU.Build.0 = Debug|Any CPU
		{59ACA534-0720-414A-AB74-2EC36F1B657B}.Release|Any CPU.ActiveCfg = Release|Any CPU
		{59ACA534-0720-414A-AB74-2EC36F1B657B}.Release|Any CPU.Build.0 = Release|Any CPU
		{C812CF72-52ED-4871-B215-926775682662}.Debug|Any CPU.ActiveCfg = Debug|Any CPU
		{C812CF72-52ED-4871-B215-926775682662}.Debug|Any CPU.Build.0 = Debug|Any CPU
		{C812CF72-52ED-4871-B215-926775682662}.Release|Any CPU.ActiveCfg = Release|Any CPU
		{C812CF72-52ED-4871-B215-926775682662}.Release|Any CPU.Build.0 = Release|Any CPU
		{5E2094E3-1EF7-4AF5-BD9D-83478FE3DC99}.Debug|Any CPU.ActiveCfg = Debug|Any CPU
		{5E2094E3-1EF7-4AF5-BD9D-83478FE3DC99}.Debug|Any CPU.Build.0 = Debug|Any CPU
		{5E2094E3-1EF7-4AF5-BD9D-83478FE3DC99}.Release|Any CPU.ActiveCfg = Release|Any CPU
		{5E2094E3-1EF7-4AF5-BD9D-83478FE3DC99}.Release|Any CPU.Build.0 = Release|Any CPU
	EndGlobalSection
	GlobalSection(SolutionProperties) = preSolution
		HideSolutionNode = FALSE
	EndGlobalSection
	GlobalSection(ExtensibilityGlobals) = postSolution
		SolutionGuid = {EFD0DD01-5553-4CC9-B3AC-FF39C4B94121}
	EndGlobalSection
EndGlobal
