
Microsoft Visual Studio Solution File, Format Version 12.00
# Visual Studio Version 17
VisualStudioVersion = 17.8.34330.188
MinimumVisualStudioVersion = 10.0.40219.1
Project("{9A19103F-16F7-4668-BE54-9A1E7A4F7556}") = "Wolfe.SpaceTraders.Domain", "src\Wolfe.SpaceTraders.Domain\Wolfe.SpaceTraders.Domain.csproj", "{18800C6F-B245-438F-961D-FE0758F99DBA}"
EndProject
Global
	GlobalSection(SolutionConfigurationPlatforms) = preSolution
		Debug|Any CPU = Debug|Any CPU
		Release|Any CPU = Release|Any CPU
	EndGlobalSection
	GlobalSection(ProjectConfigurationPlatforms) = postSolution
		{18800C6F-B245-438F-961D-FE0758F99DBA}.Debug|Any CPU.ActiveCfg = Debug|Any CPU
		{18800C6F-B245-438F-961D-FE0758F99DBA}.Debug|Any CPU.Build.0 = Debug|Any CPU
		{18800C6F-B245-438F-961D-FE0758F99DBA}.Release|Any CPU.ActiveCfg = Release|Any CPU
		{18800C6F-B245-438F-961D-FE0758F99DBA}.Release|Any CPU.Build.0 = Release|Any CPU
	EndGlobalSection
	GlobalSection(SolutionProperties) = preSolution
		HideSolutionNode = FALSE
	EndGlobalSection
	GlobalSection(ExtensibilityGlobals) = postSolution
		SolutionGuid = {7ED94DE5-2153-49A7-9BC4-AD4A411EA51A}
	EndGlobalSection
EndGlobal
